{
  "name": "nodejs-aws-shop-backend",
  "version": "0.1.0",
  "lockfileVersion": 3,
  "requires": true,
  "packages": {
    "": {
      "name": "nodejs-aws-shop-backend",
      "version": "0.1.0",
      "bin": {
        "nodejs-aws-shop-backend": "bin/nodejs-aws-shop-backend.js"
      },
      "devDependencies": {}
    }
  }
}
